{
  "version": 4,
  "terraform_version": "1.9.8",
  "serial": 57,
  "lineage": "32b15489-af54-c97e-e4e4-2b1b24547dab",
  "outputs": {
    "bastion_public_ip": {
      "value": "158.160.103.0",
      "type": "string"
    },
    "web_a_private_ip": {
      "value": "10.128.0.11",
      "type": "string"
    },
    "web_b_private_ip": {
      "value": "10.129.0.27",
      "type": "string"
    }
  },
  "resources": [
    {
      "mode": "managed",
      "type": "yandex_compute_instance",
      "name": "bastion",
      "provider": "provider[\"registry.terraform.io/yandex-cloud/yandex\"]",
      "instances": [
        {
          "schema_version": 1,
          "attributes": {
            "allow_recreate": null,
            "allow_stopping_for_update": null,
            "boot_disk": [
              {
                "auto_delete": true,
                "device_name": "fhme478u8utq1dh7scdr",
                "disk_id": "fhme478u8utq1dh7scdr",
                "initialize_params": [
                  {
                    "block_size": 4096,
                    "description": "",
                    "image_id": "fd8pfd17g205ujpmpb0a",
                    "name": "",
                    "size": 10,
                    "snapshot_id": "",
                    "type": "network-hdd"
                  }
                ],
                "mode": "READ_WRITE"
              }
            ],
            "created_at": "2025-04-15T12:25:25Z",
            "description": "",
            "filesystem": [],
            "folder_id": "b1g6vssliphgjfnbo6ek",
            "fqdn": "fhmg91f5l2tj0dskc4li.auto.internal",
            "gpu_cluster_id": "",
            "hostname": "",
            "id": "fhmg91f5l2tj0dskc4li",
            "labels": {},
            "local_disk": [],
            "metadata": {
              "ssh-keys": "tds:ssh-rsa AAAAB3NzaC1yc2EAAAADAQABAAACAQDg/oAT+GAuQKAsPmt2nKyk319pXar4cYPQZzofqMLivDD+H+dgLo6aylAwM4V9KkgnATGSKHjAcpA279ldKsB0rMmchpzsceMBjFZD8NSWsXifcmBUpSqTwi73Kw1CmO9ToJr9RQNv7M2FpNaxtyQMuzdmgWIPBKhME7T2QmQbRLKPviVloRZ5JBiuEKdAnpSJjZai3QMzwiFUfq0OsaDkeI27DlZbWMuhne0o2taUg34eKuptlpLQ0Vcxab5pz3IutXLpkiT3ywNkgUVkWWkA7TKuuj2B/cROkgR1iYE1mh7GzLRbA5Q98SGARsK8REAOrLkHcnJl3eAeD5BehPCQYwZQnQntUkFB7S0Bq7KNgXBvaGWSBmZEyZt0My1xTzAwnTWiw3GzSQ0d8WH24r4R6aqjLKjiLSxzjKqiPzscW21vqpsLiMh5L71focWYflTq/1fHwtY9/5ghyyqR1mT7BwLzd+RNc2aaq+KhyaAbkr+VBgh7Q3V7zvsb1w+5S5QADTgfbCh33/CdLVte3xW3oOCTnFyIqquJtv0fNCJIyDUQ/XHetpptlIulcEe6ckWUKyZAAnm0n93SsVFi9HtfZjQ/FEwSdhObViZ5cXl3E+17fVSnWbIIsmqEYomk1qrq1DwhODjh53CBfSiTp6bLwbX15kIwx7JAqWkRxYppYQ== d.tutubalin17@gmail.com\n",
              "user-data": "#cloud-config\nusers:\n  - name: tds\n    sudo: ALL=(ALL) NOPASSWD:ALL\n    shell: /bin/bash\n"
            },
            "metadata_options": [
              {
                "aws_v1_http_endpoint": 1,
                "aws_v1_http_token": 2,
                "gce_http_endpoint": 1,
                "gce_http_token": 1
              }
            ],
            "name": "bastion",
            "network_acceleration_type": "standard",
            "network_interface": [
              {
                "dns_record": [],
                "index": 0,
                "ip_address": "10.128.0.20",
                "ipv4": true,
                "ipv6": false,
                "ipv6_address": "",
                "ipv6_dns_record": [],
                "mac_address": "d0:0d:10:48:5e:5a",
                "nat": true,
                "nat_dns_record": [],
                "nat_ip_address": "158.160.103.0",
                "nat_ip_version": "IPV4",
                "security_group_ids": [
                  "enpg3d4js2e7maic3u8g"
                ],
                "subnet_id": "e9bdu5rfhrm6sejah0c7"
              }
            ],
            "placement_policy": [
              {
                "host_affinity_rules": [],
                "placement_group_id": ""
              }
            ],
            "platform_id": "standard-v2",
            "resources": [
              {
                "core_fraction": 100,
                "cores": 2,
                "gpus": 0,
                "memory": 2
              }
            ],
            "scheduling_policy": [
              {
                "preemptible": false
              }
            ],
            "secondary_disk": [],
            "service_account_id": "",
            "status": "running",
            "timeouts": null,
            "zone": "ru-central1-a"
          },
          "sensitive_attributes": [],
          "private": "eyJlMmJmYjczMC1lY2FhLTExZTYtOGY4OC0zNDM2M2JjN2M0YzAiOnsiY3JlYXRlIjozMDAwMDAwMDAwMDAsImRlbGV0ZSI6MzAwMDAwMDAwMDAwLCJ1cGRhdGUiOjMwMDAwMDAwMDAwMH0sInNjaGVtYV92ZXJzaW9uIjoiMSJ9",
          "dependencies": [
            "yandex_vpc_gateway.internet",
            "yandex_vpc_network.vpc",
            "yandex_vpc_route_table.route_table",
            "yandex_vpc_security_group.bastion_sg",
            "yandex_vpc_subnet.subnet_a"
          ]
        }
      ]
    },
    {
      "mode": "managed",
      "type": "yandex_compute_instance",
      "name": "web_a",
      "provider": "provider[\"registry.terraform.io/yandex-cloud/yandex\"]",
      "instances": [
        {
          "schema_version": 1,
          "attributes": {
            "allow_recreate": null,
            "allow_stopping_for_update": null,
            "boot_disk": [
              {
                "auto_delete": true,
                "device_name": "fhmk693avrde6cvk2qvd",
                "disk_id": "fhmk693avrde6cvk2qvd",
                "initialize_params": [
                  {
                    "block_size": 4096,
                    "description": "",
                    "image_id": "fd8pfd17g205ujpmpb0a",
                    "name": "",
                    "size": 10,
                    "snapshot_id": "",
                    "type": "network-hdd"
                  }
                ],
                "mode": "READ_WRITE"
              }
            ],
            "created_at": "2025-04-15T12:25:28Z",
            "description": "",
            "filesystem": [],
            "folder_id": "b1g6vssliphgjfnbo6ek",
            "fqdn": "fhmo4b2b3nacjaknju1f.auto.internal",
            "gpu_cluster_id": "",
            "hostname": "",
            "id": "fhmo4b2b3nacjaknju1f",
            "labels": {},
            "local_disk": [],
            "metadata": {
              "ssh-keys": "tds:ssh-rsa AAAAB3NzaC1yc2EAAAADAQABAAACAQDg/oAT+GAuQKAsPmt2nKyk319pXar4cYPQZzofqMLivDD+H+dgLo6aylAwM4V9KkgnATGSKHjAcpA279ldKsB0rMmchpzsceMBjFZD8NSWsXifcmBUpSqTwi73Kw1CmO9ToJr9RQNv7M2FpNaxtyQMuzdmgWIPBKhME7T2QmQbRLKPviVloRZ5JBiuEKdAnpSJjZai3QMzwiFUfq0OsaDkeI27DlZbWMuhne0o2taUg34eKuptlpLQ0Vcxab5pz3IutXLpkiT3ywNkgUVkWWkA7TKuuj2B/cROkgR1iYE1mh7GzLRbA5Q98SGARsK8REAOrLkHcnJl3eAeD5BehPCQYwZQnQntUkFB7S0Bq7KNgXBvaGWSBmZEyZt0My1xTzAwnTWiw3GzSQ0d8WH24r4R6aqjLKjiLSxzjKqiPzscW21vqpsLiMh5L71focWYflTq/1fHwtY9/5ghyyqR1mT7BwLzd+RNc2aaq+KhyaAbkr+VBgh7Q3V7zvsb1w+5S5QADTgfbCh33/CdLVte3xW3oOCTnFyIqquJtv0fNCJIyDUQ/XHetpptlIulcEe6ckWUKyZAAnm0n93SsVFi9HtfZjQ/FEwSdhObViZ5cXl3E+17fVSnWbIIsmqEYomk1qrq1DwhODjh53CBfSiTp6bLwbX15kIwx7JAqWkRxYppYQ== d.tutubalin17@gmail.com\n",
              "user-data": "#cloud-config\nusers:\n  - name: tds\n    sudo: ALL=(ALL) NOPASSWD:ALL\n    shell: /bin/bash\n"
            },
            "metadata_options": [
              {
                "aws_v1_http_endpoint": 1,
                "aws_v1_http_token": 2,
                "gce_http_endpoint": 1,
                "gce_http_token": 1
              }
            ],
            "name": "web-a",
            "network_acceleration_type": "standard",
            "network_interface": [
              {
                "dns_record": [],
                "index": 0,
                "ip_address": "10.128.0.11",
                "ipv4": true,
                "ipv6": false,
                "ipv6_address": "",
                "ipv6_dns_record": [],
                "mac_address": "d0:0d:18:22:c4:b1",
                "nat": false,
                "nat_dns_record": [],
                "nat_ip_address": "",
                "nat_ip_version": "",
                "security_group_ids": [
                  "enp2d67jm8uq9mcgj1d3"
                ],
                "subnet_id": "e9bdu5rfhrm6sejah0c7"
              }
            ],
            "placement_policy": [
              {
                "host_affinity_rules": [],
                "placement_group_id": ""
              }
            ],
            "platform_id": "standard-v2",
            "resources": [
              {
                "core_fraction": 100,
                "cores": 2,
                "gpus": 0,
                "memory": 2
              }
            ],
            "scheduling_policy": [
              {
                "preemptible": false
              }
            ],
            "secondary_disk": [],
            "service_account_id": "",
            "status": "running",
            "timeouts": null,
            "zone": "ru-central1-a"
          },
          "sensitive_attributes": [],
          "private": "eyJlMmJmYjczMC1lY2FhLTExZTYtOGY4OC0zNDM2M2JjN2M0YzAiOnsiY3JlYXRlIjozMDAwMDAwMDAwMDAsImRlbGV0ZSI6MzAwMDAwMDAwMDAwLCJ1cGRhdGUiOjMwMDAwMDAwMDAwMH0sInNjaGVtYV92ZXJzaW9uIjoiMSJ9",
          "dependencies": [
            "yandex_vpc_gateway.internet",
            "yandex_vpc_network.vpc",
            "yandex_vpc_route_table.route_table",
            "yandex_vpc_security_group.web_sg",
            "yandex_vpc_subnet.subnet_a"
          ]
        }
      ]
    },
    {
      "mode": "managed",
      "type": "yandex_compute_instance",
      "name": "web_b",
      "provider": "provider[\"registry.terraform.io/yandex-cloud/yandex\"]",
      "instances": [
        {
          "schema_version": 1,
          "attributes": {
            "allow_recreate": null,
            "allow_stopping_for_update": null,
            "boot_disk": [
              {
                "auto_delete": true,
                "device_name": "epdua7cr0cslu6ri6sud",
                "disk_id": "epdua7cr0cslu6ri6sud",
                "initialize_params": [
                  {
                    "block_size": 4096,
                    "description": "",
                    "image_id": "fd8pfd17g205ujpmpb0a",
                    "name": "",
                    "size": 10,
                    "snapshot_id": "",
                    "type": "network-hdd"
                  }
                ],
                "mode": "READ_WRITE"
              }
            ],
            "created_at": "2025-04-15T12:25:28Z",
            "description": "",
            "filesystem": [],
            "folder_id": "b1g6vssliphgjfnbo6ek",
            "fqdn": "epdvqvbb9t5msac9l6f8.auto.internal",
            "gpu_cluster_id": "",
            "hostname": "",
            "id": "epdvqvbb9t5msac9l6f8",
            "labels": {},
            "local_disk": [],
            "metadata": {
              "ssh-keys": "tds:ssh-rsa AAAAB3NzaC1yc2EAAAADAQABAAACAQDg/oAT+GAuQKAsPmt2nKyk319pXar4cYPQZzofqMLivDD+H+dgLo6aylAwM4V9KkgnATGSKHjAcpA279ldKsB0rMmchpzsceMBjFZD8NSWsXifcmBUpSqTwi73Kw1CmO9ToJr9RQNv7M2FpNaxtyQMuzdmgWIPBKhME7T2QmQbRLKPviVloRZ5JBiuEKdAnpSJjZai3QMzwiFUfq0OsaDkeI27DlZbWMuhne0o2taUg34eKuptlpLQ0Vcxab5pz3IutXLpkiT3ywNkgUVkWWkA7TKuuj2B/cROkgR1iYE1mh7GzLRbA5Q98SGARsK8REAOrLkHcnJl3eAeD5BehPCQYwZQnQntUkFB7S0Bq7KNgXBvaGWSBmZEyZt0My1xTzAwnTWiw3GzSQ0d8WH24r4R6aqjLKjiLSxzjKqiPzscW21vqpsLiMh5L71focWYflTq/1fHwtY9/5ghyyqR1mT7BwLzd+RNc2aaq+KhyaAbkr+VBgh7Q3V7zvsb1w+5S5QADTgfbCh33/CdLVte3xW3oOCTnFyIqquJtv0fNCJIyDUQ/XHetpptlIulcEe6ckWUKyZAAnm0n93SsVFi9HtfZjQ/FEwSdhObViZ5cXl3E+17fVSnWbIIsmqEYomk1qrq1DwhODjh53CBfSiTp6bLwbX15kIwx7JAqWkRxYppYQ== d.tutubalin17@gmail.com\n",
              "user-data": "#cloud-config\nusers:\n  - name: tds\n    sudo: ALL=(ALL) NOPASSWD:ALL\n    shell: /bin/bash\n"
            },
            "metadata_options": [
              {
                "aws_v1_http_endpoint": 1,
                "aws_v1_http_token": 2,
                "gce_http_endpoint": 1,
                "gce_http_token": 1
              }
            ],
            "name": "web-b",
            "network_acceleration_type": "standard",
            "network_interface": [
              {
                "dns_record": [],
                "index": 0,
                "ip_address": "10.129.0.27",
                "ipv4": true,
                "ipv6": false,
                "ipv6_address": "",
                "ipv6_dns_record": [],
                "mac_address": "d0:0d:1f:d7:d6:b4",
                "nat": false,
                "nat_dns_record": [],
                "nat_ip_address": "",
                "nat_ip_version": "",
                "security_group_ids": [
                  "enp2d67jm8uq9mcgj1d3"
                ],
                "subnet_id": "e2lua70n17nctd74m194"
              }
            ],
            "placement_policy": [
              {
                "host_affinity_rules": [],
                "placement_group_id": ""
              }
            ],
            "platform_id": "standard-v2",
            "resources": [
              {
                "core_fraction": 100,
                "cores": 2,
                "gpus": 0,
                "memory": 2
              }
            ],
            "scheduling_policy": [
              {
                "preemptible": false
              }
            ],
            "secondary_disk": [],
            "service_account_id": "",
            "status": "running",
            "timeouts": null,
            "zone": "ru-central1-b"
          },
          "sensitive_attributes": [],
          "private": "eyJlMmJmYjczMC1lY2FhLTExZTYtOGY4OC0zNDM2M2JjN2M0YzAiOnsiY3JlYXRlIjozMDAwMDAwMDAwMDAsImRlbGV0ZSI6MzAwMDAwMDAwMDAwLCJ1cGRhdGUiOjMwMDAwMDAwMDAwMH0sInNjaGVtYV92ZXJzaW9uIjoiMSJ9",
          "dependencies": [
            "yandex_vpc_gateway.internet",
            "yandex_vpc_network.vpc",
            "yandex_vpc_route_table.route_table",
            "yandex_vpc_security_group.web_sg",
            "yandex_vpc_subnet.subnet_b"
          ]
        }
      ]
    },
    {
      "mode": "managed",
      "type": "yandex_vpc_gateway",
      "name": "internet",
      "provider": "provider[\"registry.terraform.io/yandex-cloud/yandex\"]",
      "instances": [
        {
          "schema_version": 0,
          "attributes": {
            "created_at": "2025-04-15T12:25:19Z",
            "description": "",
            "folder_id": "b1g6vssliphgjfnbo6ek",
            "id": "enpkq1vf33bp1kjcarle",
            "labels": {},
            "name": "internet-gateway",
            "shared_egress_gateway": [
              {}
            ],
            "timeouts": null
          },
          "sensitive_attributes": [],
          "private": "eyJlMmJmYjczMC1lY2FhLTExZTYtOGY4OC0zNDM2M2JjN2M0YzAiOnsiY3JlYXRlIjo2MDAwMDAwMDAwMCwiZGVsZXRlIjo2MDAwMDAwMDAwMCwidXBkYXRlIjo2MDAwMDAwMDAwMH19"
        }
      ]
    },
    {
      "mode": "managed",
      "type": "yandex_vpc_network",
      "name": "vpc",
      "provider": "provider[\"registry.terraform.io/yandex-cloud/yandex\"]",
      "instances": [
        {
          "schema_version": 0,
          "attributes": {
            "created_at": "2025-04-15T12:25:19Z",
            "default_security_group_id": "enpaj756ase4919doa5q",
            "description": "",
            "folder_id": "b1g6vssliphgjfnbo6ek",
            "id": "enp2at5hcou9m24n17m7",
            "labels": {},
            "name": "demo-network",
            "subnet_ids": [
              "e2lua70n17nctd74m194",
              "e9bdu5rfhrm6sejah0c7"
            ],
            "timeouts": null
          },
          "sensitive_attributes": [],
          "private": "eyJlMmJmYjczMC1lY2FhLTExZTYtOGY4OC0zNDM2M2JjN2M0YzAiOnsiY3JlYXRlIjo2MDAwMDAwMDAwMCwiZGVsZXRlIjo2MDAwMDAwMDAwMCwidXBkYXRlIjo2MDAwMDAwMDAwMH19"
        }
      ]
    },
    {
      "mode": "managed",
      "type": "yandex_vpc_route_table",
      "name": "route_table",
      "provider": "provider[\"registry.terraform.io/yandex-cloud/yandex\"]",
      "instances": [
        {
          "schema_version": 0,
          "attributes": {
            "created_at": "2025-04-15T12:25:22Z",
            "description": "",
            "folder_id": "b1g6vssliphgjfnbo6ek",
            "id": "enpemojgpqc8brbunvk3",
            "labels": {},
            "name": "default-route-table",
            "network_id": "enp2at5hcou9m24n17m7",
            "static_route": [
              {
                "destination_prefix": "0.0.0.0/0",
                "gateway_id": "enpkq1vf33bp1kjcarle",
                "next_hop_address": ""
              }
            ],
            "timeouts": null
          },
          "sensitive_attributes": [],
          "private": "eyJlMmJmYjczMC1lY2FhLTExZTYtOGY4OC0zNDM2M2JjN2M0YzAiOnsiY3JlYXRlIjoxODAwMDAwMDAwMDAsImRlbGV0ZSI6MTgwMDAwMDAwMDAwLCJ1cGRhdGUiOjE4MDAwMDAwMDAwMH19",
          "dependencies": [
            "yandex_vpc_gateway.internet",
            "yandex_vpc_network.vpc"
          ]
        }
      ]
    },
    {
      "mode": "managed",
      "type": "yandex_vpc_security_group",
      "name": "bastion_sg",
      "provider": "provider[\"registry.terraform.io/yandex-cloud/yandex\"]",
      "instances": [
        {
          "schema_version": 0,
          "attributes": {
            "created_at": "2025-04-15T12:25:24Z",
            "description": "Security group for bastion",
            "egress": [
              {
                "description": "",
                "from_port": -1,
                "id": "enpmhc22147fae1snafh",
                "labels": {},
                "port": -1,
                "predefined_target": "",
                "protocol": "ANY",
                "security_group_id": "",
                "to_port": -1,
                "v4_cidr_blocks": [
                  "0.0.0.0/0"
                ],
                "v6_cidr_blocks": []
              }
            ],
            "folder_id": "b1g6vssliphgjfnbo6ek",
            "id": "enpg3d4js2e7maic3u8g",
            "ingress": [
              {
                "description": "Allow SSH from anywhere",
                "from_port": -1,
                "id": "enp5e88an2sjheqd5542",
                "labels": {},
                "port": 22,
                "predefined_target": "",
                "protocol": "TCP",
                "security_group_id": "",
                "to_port": -1,
                "v4_cidr_blocks": [
                  "0.0.0.0/0"
                ],
                "v6_cidr_blocks": []
              }
            ],
            "labels": {},
            "name": "bastion-sg",
            "network_id": "enp2at5hcou9m24n17m7",
            "status": "ACTIVE",
            "timeouts": null
          },
          "sensitive_attributes": [],
          "private": "eyJlMmJmYjczMC1lY2FhLTExZTYtOGY4OC0zNDM2M2JjN2M0YzAiOnsiY3JlYXRlIjoxODAwMDAwMDAwMDAsImRlbGV0ZSI6MTgwMDAwMDAwMDAwLCJ1cGRhdGUiOjE4MDAwMDAwMDAwMH19",
          "dependencies": [
            "yandex_vpc_network.vpc"
          ]
        }
      ]
    },
    {
      "mode": "managed",
      "type": "yandex_vpc_security_group",
      "name": "web_sg",
      "provider": "provider[\"registry.terraform.io/yandex-cloud/yandex\"]",
      "instances": [
        {
          "schema_version": 0,
          "attributes": {
            "created_at": "2025-04-15T12:25:27Z",
            "description": "Security group for web servers",
            "egress": [
              {
                "description": "",
                "from_port": -1,
                "id": "enpuq0ee8311i9ui2975",
                "labels": {},
                "port": -1,
                "predefined_target": "",
                "protocol": "ANY",
                "security_group_id": "",
                "to_port": -1,
                "v4_cidr_blocks": [
                  "0.0.0.0/0"
                ],
                "v6_cidr_blocks": []
              }
            ],
            "folder_id": "b1g6vssliphgjfnbo6ek",
            "id": "enp2d67jm8uq9mcgj1d3",
            "ingress": [
              {
                "description": "Allow HTTP from anywhere",
                "from_port": -1,
                "id": "enp4bo3nkfp2ggbhupug",
                "labels": {},
                "port": 80,
                "predefined_target": "",
                "protocol": "TCP",
                "security_group_id": "",
                "to_port": -1,
                "v4_cidr_blocks": [
                  "0.0.0.0/0"
                ],
                "v6_cidr_blocks": []
              },
              {
                "description": "Allow SSH from subnet-a",
                "from_port": -1,
                "id": "enp6rih3dujg26afliv5",
                "labels": {},
                "port": 22,
                "predefined_target": "",
                "protocol": "TCP",
                "security_group_id": "",
                "to_port": -1,
                "v4_cidr_blocks": [
                  "10.128.0.0/24"
                ],
                "v6_cidr_blocks": []
              }
            ],
            "labels": {},
            "name": "web-sg",
            "network_id": "enp2at5hcou9m24n17m7",
            "status": "ACTIVE",
            "timeouts": null
          },
          "sensitive_attributes": [],
          "private": "eyJlMmJmYjczMC1lY2FhLTExZTYtOGY4OC0zNDM2M2JjN2M0YzAiOnsiY3JlYXRlIjoxODAwMDAwMDAwMDAsImRlbGV0ZSI6MTgwMDAwMDAwMDAwLCJ1cGRhdGUiOjE4MDAwMDAwMDAwMH19",
          "dependencies": [
            "yandex_vpc_network.vpc"
          ]
        }
      ]
    },
    {
      "mode": "managed",
      "type": "yandex_vpc_subnet",
      "name": "subnet_a",
      "provider": "provider[\"registry.terraform.io/yandex-cloud/yandex\"]",
      "instances": [
        {
          "schema_version": 0,
          "attributes": {
            "created_at": "2025-04-15T12:25:24Z",
            "description": "",
            "dhcp_options": [],
            "folder_id": "b1g6vssliphgjfnbo6ek",
            "id": "e9bdu5rfhrm6sejah0c7",
            "labels": {},
            "name": "subnet-a",
            "network_id": "enp2at5hcou9m24n17m7",
            "route_table_id": "enpemojgpqc8brbunvk3",
            "timeouts": null,
            "v4_cidr_blocks": [
              "10.128.0.0/24"
            ],
            "v6_cidr_blocks": [],
            "zone": "ru-central1-a"
          },
          "sensitive_attributes": [],
          "private": "eyJlMmJmYjczMC1lY2FhLTExZTYtOGY4OC0zNDM2M2JjN2M0YzAiOnsiY3JlYXRlIjoxODAwMDAwMDAwMDAsImRlbGV0ZSI6MTgwMDAwMDAwMDAwLCJ1cGRhdGUiOjE4MDAwMDAwMDAwMH19",
          "dependencies": [
            "yandex_vpc_gateway.internet",
            "yandex_vpc_network.vpc",
            "yandex_vpc_route_table.route_table"
          ]
        }
      ]
    },
    {
      "mode": "managed",
      "type": "yandex_vpc_subnet",
      "name": "subnet_b",
      "provider": "provider[\"registry.terraform.io/yandex-cloud/yandex\"]",
      "instances": [
        {
          "schema_version": 0,
          "attributes": {
            "created_at": "2025-04-15T12:25:23Z",
            "description": "",
            "dhcp_options": [],
            "folder_id": "b1g6vssliphgjfnbo6ek",
            "id": "e2lua70n17nctd74m194",
            "labels": {},
            "name": "subnet-b",
            "network_id": "enp2at5hcou9m24n17m7",
            "route_table_id": "enpemojgpqc8brbunvk3",
            "timeouts": null,
            "v4_cidr_blocks": [
              "10.129.0.0/24"
            ],
            "v6_cidr_blocks": [],
            "zone": "ru-central1-b"
          },
          "sensitive_attributes": [],
          "private": "eyJlMmJmYjczMC1lY2FhLTExZTYtOGY4OC0zNDM2M2JjN2M0YzAiOnsiY3JlYXRlIjoxODAwMDAwMDAwMDAsImRlbGV0ZSI6MTgwMDAwMDAwMDAwLCJ1cGRhdGUiOjE4MDAwMDAwMDAwMH19",
          "dependencies": [
            "yandex_vpc_gateway.internet",
            "yandex_vpc_network.vpc",
            "yandex_vpc_route_table.route_table"
          ]
        }
      ]
    }
  ],
  "check_results": null
}
